
Microsoft Visual Studio Solution File, Format Version 12.00
# Visual Studio 15
VisualStudioVersion = 15.0.28307.572
MinimumVisualStudioVersion = 10.0.40219.1
Project("{FAE04EC0-301F-11D3-BF4B-00C04F79EFBC}") = "TalkBackServer", "TalkBackServer\TalkBackServer.csproj", "{F005EE70-F20D-4284-BB3D-453F3CB835CE}"
EndProject
Global
	GlobalSection(SolutionConfigurationPlatforms) = preSolution
		Debug|Any CPU = Debug|Any CPU
		Release|Any CPU = Release|Any CPU
	EndGlobalSection
	GlobalSection(ProjectConfigurationPlatforms) = postSolution
		{F005EE70-F20D-4284-BB3D-453F3CB835CE}.Debug|Any CPU.ActiveCfg = Debug|Any CPU
		{F005EE70-F20D-4284-BB3D-453F3CB835CE}.Debug|Any CPU.Build.0 = Debug|Any CPU
		{F005EE70-F20D-4284-BB3D-453F3CB835CE}.Release|Any CPU.ActiveCfg = Release|Any CPU
		{F005EE70-F20D-4284-BB3D-453F3CB835CE}.Release|Any CPU.Build.0 = Release|Any CPU
	EndGlobalSection
	GlobalSection(SolutionProperties) = preSolution
		HideSolutionNode = FALSE
	EndGlobalSection
	GlobalSection(ExtensibilityGlobals) = postSolution
		SolutionGuid = {5039129B-905A-469B-B48F-4E364DA54673}
	EndGlobalSection
EndGlobal
